
Microsoft Visual Studio Solution File, Format Version 12.00
# Visual Studio Version 17
VisualStudioVersion = 17.2.32630.192
MinimumVisualStudioVersion = 10.0.40219.1
Project("{FAE04EC0-301F-11D3-BF4B-00C04F79EFBC}") = "CourseProject", "CourseProject\CourseProject.csproj", "{F38EE0C2-CFE1-4275-8C30-616FC95C2191}"
EndProject
Global
	GlobalSection(SolutionConfigurationPlatforms) = preSolution
		Debug|Any CPU = Debug|Any CPU
		Release|Any CPU = Release|Any CPU
	EndGlobalSection
	GlobalSection(ProjectConfigurationPlatforms) = postSolution
		{F38EE0C2-CFE1-4275-8C30-616FC95C2191}.Debug|Any CPU.ActiveCfg = Debug|Any CPU
		{F38EE0C2-CFE1-4275-8C30-616FC95C2191}.Debug|Any CPU.Build.0 = Debug|Any CPU
		{F38EE0C2-CFE1-4275-8C30-616FC95C2191}.Release|Any CPU.ActiveCfg = Release|Any CPU
		{F38EE0C2-CFE1-4275-8C30-616FC95C2191}.Release|Any CPU.Build.0 = Release|Any CPU
	EndGlobalSection
	GlobalSection(SolutionProperties) = preSolution
		HideSolutionNode = FALSE
	EndGlobalSection
	GlobalSection(ExtensibilityGlobals) = postSolution
		SolutionGuid = {5E4EF316-4A3E-4AA2-9A49-97097581C0CC}
	EndGlobalSection
EndGlobal
